
Microsoft Visual Studio Solution File, Format Version 12.00
# Visual Studio 15
VisualStudioVersion = 15.0.26124.0
MinimumVisualStudioVersion = 15.0.26124.0
Project("{FAE04EC0-301F-11D3-BF4B-00C04F79EFBC}") = "StoreUI", "StoreUI\StoreUI.csproj", "{97D66BB7-CC37-4AF3-B8C6-D412321A1F55}"
EndProject
Project("{FAE04EC0-301F-11D3-BF4B-00C04F79EFBC}") = "StoreModels", "StoreModels\StoreModels.csproj", "{D6FAA4FE-0CEE-4839-B79F-5E14AEC1BFAA}"
EndProject
Project("{FAE04EC0-301F-11D3-BF4B-00C04F79EFBC}") = "StoreBL", "StoreBL\StoreBL.csproj", "{9A84A5B0-772A-40C8-9C8A-EBCB35586BF7}"
EndProject
Global
	GlobalSection(SolutionConfigurationPlatforms) = preSolution
		Debug|Any CPU = Debug|Any CPU
		Debug|x64 = Debug|x64
		Debug|x86 = Debug|x86
		Release|Any CPU = Release|Any CPU
		Release|x64 = Release|x64
		Release|x86 = Release|x86
	EndGlobalSection
	GlobalSection(SolutionProperties) = preSolution
		HideSolutionNode = FALSE
	EndGlobalSection
	GlobalSection(ProjectConfigurationPlatforms) = postSolution
		{97D66BB7-CC37-4AF3-B8C6-D412321A1F55}.Debug|Any CPU.ActiveCfg = Debug|Any CPU
		{97D66BB7-CC37-4AF3-B8C6-D412321A1F55}.Debug|Any CPU.Build.0 = Debug|Any CPU
		{97D66BB7-CC37-4AF3-B8C6-D412321A1F55}.Debug|x64.ActiveCfg = Debug|Any CPU
		{97D66BB7-CC37-4AF3-B8C6-D412321A1F55}.Debug|x64.Build.0 = Debug|Any CPU
		{97D66BB7-CC37-4AF3-B8C6-D412321A1F55}.Debug|x86.ActiveCfg = Debug|Any CPU
		{97D66BB7-CC37-4AF3-B8C6-D412321A1F55}.Debug|x86.Build.0 = Debug|Any CPU
		{97D66BB7-CC37-4AF3-B8C6-D412321A1F55}.Release|Any CPU.ActiveCfg = Release|Any CPU
		{97D66BB7-CC37-4AF3-B8C6-D412321A1F55}.Release|Any CPU.Build.0 = Release|Any CPU
		{97D66BB7-CC37-4AF3-B8C6-D412321A1F55}.Release|x64.ActiveCfg = Release|Any CPU
		{97D66BB7-CC37-4AF3-B8C6-D412321A1F55}.Release|x64.Build.0 = Release|Any CPU
		{97D66BB7-CC37-4AF3-B8C6-D412321A1F55}.Release|x86.ActiveCfg = Release|Any CPU
		{97D66BB7-CC37-4AF3-B8C6-D412321A1F55}.Release|x86.Build.0 = Release|Any CPU
		{D6FAA4FE-0CEE-4839-B79F-5E14AEC1BFAA}.Debug|Any CPU.ActiveCfg = Debug|Any CPU
		{D6FAA4FE-0CEE-4839-B79F-5E14AEC1BFAA}.Debug|Any CPU.Build.0 = Debug|Any CPU
		{D6FAA4FE-0CEE-4839-B79F-5E14AEC1BFAA}.Debug|x64.ActiveCfg = Debug|Any CPU
		{D6FAA4FE-0CEE-4839-B79F-5E14AEC1BFAA}.Debug|x64.Build.0 = Debug|Any CPU
		{D6FAA4FE-0CEE-4839-B79F-5E14AEC1BFAA}.Debug|x86.ActiveCfg = Debug|Any CPU
		{D6FAA4FE-0CEE-4839-B79F-5E14AEC1BFAA}.Debug|x86.Build.0 = Debug|Any CPU
		{D6FAA4FE-0CEE-4839-B79F-5E14AEC1BFAA}.Release|Any CPU.ActiveCfg = Release|Any CPU
		{D6FAA4FE-0CEE-4839-B79F-5E14AEC1BFAA}.Release|Any CPU.Build.0 = Release|Any CPU
		{D6FAA4FE-0CEE-4839-B79F-5E14AEC1BFAA}.Release|x64.ActiveCfg = Release|Any CPU
		{D6FAA4FE-0CEE-4839-B79F-5E14AEC1BFAA}.Release|x64.Build.0 = Release|Any CPU
		{D6FAA4FE-0CEE-4839-B79F-5E14AEC1BFAA}.Release|x86.ActiveCfg = Release|Any CPU
		{D6FAA4FE-0CEE-4839-B79F-5E14AEC1BFAA}.Release|x86.Build.0 = Release|Any CPU
		{9A84A5B0-772A-40C8-9C8A-EBCB35586BF7}.Debug|Any CPU.ActiveCfg = Debug|Any CPU
		{9A84A5B0-772A-40C8-9C8A-EBCB35586BF7}.Debug|Any CPU.Build.0 = Debug|Any CPU
		{9A84A5B0-772A-40C8-9C8A-EBCB35586BF7}.Debug|x64.ActiveCfg = Debug|Any CPU
		{9A84A5B0-772A-40C8-9C8A-EBCB35586BF7}.Debug|x64.Build.0 = Debug|Any CPU
		{9A84A5B0-772A-40C8-9C8A-EBCB35586BF7}.Debug|x86.ActiveCfg = Debug|Any CPU
		{9A84A5B0-772A-40C8-9C8A-EBCB35586BF7}.Debug|x86.Build.0 = Debug|Any CPU
		{9A84A5B0-772A-40C8-9C8A-EBCB35586BF7}.Release|Any CPU.ActiveCfg = Release|Any CPU
		{9A84A5B0-772A-40C8-9C8A-EBCB35586BF7}.Release|Any CPU.Build.0 = Release|Any CPU
		{9A84A5B0-772A-40C8-9C8A-EBCB35586BF7}.Release|x64.ActiveCfg = Release|Any CPU
		{9A84A5B0-772A-40C8-9C8A-EBCB35586BF7}.Release|x64.Build.0 = Release|Any CPU
		{9A84A5B0-772A-40C8-9C8A-EBCB35586BF7}.Release|x86.ActiveCfg = Release|Any CPU
		{9A84A5B0-772A-40C8-9C8A-EBCB35586BF7}.Release|x86.Build.0 = Release|Any CPU
	EndGlobalSection
EndGlobal
